// !$*UTF8*$!
{
	archiveVersion = 1;
	classes = {
	};
	objectVersion = 55;
	objects = {

/* Begin PBXBuildFile section */
		9E133DE1286F744000BEE639 /* GreySkullLPApp.swift in Sources */ = {isa = PBXBuildFile; fileRef = 9E133DE0286F744000BEE639 /* GreySkullLPApp.swift */; };
		9E133DE3286F744000BEE639 /* MainView.swift in Sources */ = {isa = PBXBuildFile; fileRef = 9E133DE2286F744000BEE639 /* MainView.swift */; };
		9E133DE5286F744100BEE639 /* Assets.xcassets in Resources */ = {isa = PBXBuildFile; fileRef = 9E133DE4286F744100BEE639 /* Assets.xcassets */; };
		9E133DE8286F744100BEE639 /* Preview Assets.xcassets in Resources */ = {isa = PBXBuildFile; fileRef = 9E133DE7286F744100BEE639 /* Preview Assets.xcassets */; };
		9E133DEF286F750D00BEE639 /* HomeView.swift in Sources */ = {isa = PBXBuildFile; fileRef = 9E133DEE286F750D00BEE639 /* HomeView.swift */; };
		9E133DF2286F752900BEE639 /* HistoryView.swift in Sources */ = {isa = PBXBuildFile; fileRef = 9E133DF1286F752900BEE639 /* HistoryView.swift */; };
		9E133DF4286F753200BEE639 /* SettingsView.swift in Sources */ = {isa = PBXBuildFile; fileRef = 9E133DF3286F753200BEE639 /* SettingsView.swift */; };
		9E133DF6286F75D100BEE639 /* GraphView.swift in Sources */ = {isa = PBXBuildFile; fileRef = 9E133DF5286F75D100BEE639 /* GraphView.swift */; };
		9E1791462870765200E00647 /* GreySkullLP.xcdatamodeld in Sources */ = {isa = PBXBuildFile; fileRef = 9E1791442870765200E00647 /* GreySkullLP.xcdatamodeld */; };
/* End PBXBuildFile section */

/* Begin PBXFileReference section */
		9E133DDD286F744000BEE639 /* GreySkullLP.app */ = {isa = PBXFileReference; explicitFileType = wrapper.application; includeInIndex = 0; path = GreySkullLP.app; sourceTree = BUILT_PRODUCTS_DIR; };
		9E133DE0286F744000BEE639 /* GreySkullLPApp.swift */ = {isa = PBXFileReference; lastKnownFileType = sourcecode.swift; path = GreySkullLPApp.swift; sourceTree = "<group>"; };
		9E133DE2286F744000BEE639 /* MainView.swift */ = {isa = PBXFileReference; lastKnownFileType = sourcecode.swift; path = MainView.swift; sourceTree = "<group>"; };
		9E133DE4286F744100BEE639 /* Assets.xcassets */ = {isa = PBXFileReference; lastKnownFileType = folder.assetcatalog; path = Assets.xcassets; sourceTree = "<group>"; };
		9E133DE7286F744100BEE639 /* Preview Assets.xcassets */ = {isa = PBXFileReference; lastKnownFileType = folder.assetcatalog; path = "Preview Assets.xcassets"; sourceTree = "<group>"; };
		9E133DEE286F750D00BEE639 /* HomeView.swift */ = {isa = PBXFileReference; lastKnownFileType = sourcecode.swift; path = HomeView.swift; sourceTree = "<group>"; };
		9E133DF1286F752900BEE639 /* HistoryView.swift */ = {isa = PBXFileReference; lastKnownFileType = sourcecode.swift; path = HistoryView.swift; sourceTree = "<group>"; };
		9E133DF3286F753200BEE639 /* SettingsView.swift */ = {isa = PBXFileReference; lastKnownFileType = sourcecode.swift; path = SettingsView.swift; sourceTree = "<group>"; };
		9E133DF5286F75D100BEE639 /* GraphView.swift */ = {isa = PBXFileReference; lastKnownFileType = sourcecode.swift; path = GraphView.swift; sourceTree = "<group>"; };
		9E1791452870765200E00647 /* GreySkullLP.xcdatamodel */ = {isa = PBXFileReference; lastKnownFileType = wrapper.xcdatamodel; path = GreySkullLP.xcdatamodel; sourceTree = "<group>"; };
/* End PBXFileReference section */

/* Begin PBXFrameworksBuildPhase section */
		9E133DDA286F744000BEE639 /* Frameworks */ = {
			isa = PBXFrameworksBuildPhase;
			buildActionMask = 2147483647;
			files = (
			);
			runOnlyForDeploymentPostprocessing = 0;
		};
/* End PBXFrameworksBuildPhase section */

/* Begin PBXGroup section */
		9E133DD4286F744000BEE639 = {
			isa = PBXGroup;
			children = (
				9E133DDF286F744000BEE639 /* GreySkullLP */,
				9E133DDE286F744000BEE639 /* Products */,
			);
			sourceTree = "<group>";
		};
		9E133DDE286F744000BEE639 /* Products */ = {
			isa = PBXGroup;
			children = (
				9E133DDD286F744000BEE639 /* GreySkullLP.app */,
			);
			name = Products;
			sourceTree = "<group>";
		};
		9E133DDF286F744000BEE639 /* GreySkullLP */ = {
			isa = PBXGroup;
			children = (
				9E133DF0286F751200BEE639 /* Views */,
				9E133DE0286F744000BEE639 /* GreySkullLPApp.swift */,
				9E133DE4286F744100BEE639 /* Assets.xcassets */,
				9E133DE6286F744100BEE639 /* Preview Content */,
			);
			path = GreySkullLP;
			sourceTree = "<group>";
		};
		9E133DE6286F744100BEE639 /* Preview Content */ = {
			isa = PBXGroup;
			children = (
				9E133DE7286F744100BEE639 /* Preview Assets.xcassets */,
			);
			path = "Preview Content";
			sourceTree = "<group>";
		};
		9E133DF0286F751200BEE639 /* Views */ = {
			isa = PBXGroup;
			children = (
				9E133DE2286F744000BEE639 /* MainView.swift */,
				9E133DEE286F750D00BEE639 /* HomeView.swift */,
				9E133DF1286F752900BEE639 /* HistoryView.swift */,
				9E133DF5286F75D100BEE639 /* GraphView.swift */,
				9E1791442870765200E00647 /* GreySkullLP.xcdatamodeld */,
				9E133DF3286F753200BEE639 /* SettingsView.swift */,
			);
			path = Views;
			sourceTree = "<group>";
		};
/* End PBXGroup section */

/* Begin PBXNativeTarget section */
		9E133DDC286F744000BEE639 /* GreySkullLP */ = {
			isa = PBXNativeTarget;
			buildConfigurationList = 9E133DEB286F744100BEE639 /* Build configuration list for PBXNativeTarget "GreySkullLP" */;
			buildPhases = (
				9E133DD9286F744000BEE639 /* Sources */,
				9E133DDA286F744000BEE639 /* Frameworks */,
				9E133DDB286F744000BEE639 /* Resources */,
			);
			buildRules = (
			);
			dependencies = (
			);
			name = GreySkullLP;
			productName = GreySkullLP;
			productReference = 9E133DDD286F744000BEE639 /* GreySkullLP.app */;
			productType = "com.apple.product-type.application";
		};
/* End PBXNativeTarget section */

/* Begin PBXProject section */
		9E133DD5286F744000BEE639 /* Project object */ = {
			isa = PBXProject;
			attributes = {
				BuildIndependentTargetsInParallel = 1;
				LastSwiftUpdateCheck = 1340;
				LastUpgradeCheck = 1340;
				TargetAttributes = {
					9E133DDC286F744000BEE639 = {
						CreatedOnToolsVersion = 13.4.1;
					};
				};
			};
			buildConfigurationList = 9E133DD8286F744000BEE639 /* Build configuration list for PBXProject "GreySkullLP" */;
			compatibilityVersion = "Xcode 13.0";
			developmentRegion = en;
			hasScannedForEncodings = 0;
			knownRegions = (
				en,
				Base,
			);
			mainGroup = 9E133DD4286F744000BEE639;
			productRefGroup = 9E133DDE286F744000BEE639 /* Products */;
			projectDirPath = "";
			projectRoot = "";
			targets = (
				9E133DDC286F744000BEE639 /* GreySkullLP */,
			);
		};
/* End PBXProject section */

/* Begin PBXResourcesBuildPhase section */
		9E133DDB286F744000BEE639 /* Resources */ = {
			isa = PBXResourcesBuildPhase;
			buildActionMask = 2147483647;
			files = (
				9E133DE8286F744100BEE639 /* Preview Assets.xcassets in Resources */,
				9E133DE5286F744100BEE639 /* Assets.xcassets in Resources */,
			);
			runOnlyForDeploymentPostprocessing = 0;
		};
/* End PBXResourcesBuildPhase section */

/* Begin PBXSourcesBuildPhase section */
		9E133DD9286F744000BEE639 /* Sources */ = {
			isa = PBXSourcesBuildPhase;
			buildActionMask = 2147483647;
			files = (
				9E133DF4286F753200BEE639 /* SettingsView.swift in Sources */,
				9E133DEF286F750D00BEE639 /* HomeView.swift in Sources */,
				9E133DF2286F752900BEE639 /* HistoryView.swift in Sources */,
				9E133DE3286F744000BEE639 /* MainView.swift in Sources */,
				9E133DE1286F744000BEE639 /* GreySkullLPApp.swift in Sources */,
				9E1791462870765200E00647 /* GreySkullLP.xcdatamodeld in Sources */,
				9E133DF6286F75D100BEE639 /* GraphView.swift in Sources */,
			);
			runOnlyForDeploymentPostprocessing = 0;
		};
/* End PBXSourcesBuildPhase section */

/* Begin XCBuildConfiguration section */
		9E133DE9286F744100BEE639 /* Debug */ = {
			isa = XCBuildConfiguration;
			buildSettings = {
				ALWAYS_SEARCH_USER_PATHS = NO;
				CLANG_ANALYZER_NONNULL = YES;
				CLANG_ANALYZER_NUMBER_OBJECT_CONVERSION = YES_AGGRESSIVE;
				CLANG_CXX_LANGUAGE_STANDARD = "gnu++17";
				CLANG_ENABLE_MODULES = YES;
				CLANG_ENABLE_OBJC_ARC = YES;
				CLANG_ENABLE_OBJC_WEAK = YES;
				CLANG_WARN_BLOCK_CAPTURE_AUTORELEASING = YES;
				CLANG_WARN_BOOL_CONVERSION = YES;
				CLANG_WARN_COMMA = YES;
				CLANG_WARN_CONSTANT_CONVERSION = YES;
				CLANG_WARN_DEPRECATED_OBJC_IMPLEMENTATIONS = YES;
				CLANG_WARN_DIRECT_OBJC_ISA_USAGE = YES_ERROR;
				CLANG_WARN_DOCUMENTATION_COMMENTS = YES;
				CLANG_WARN_EMPTY_BODY = YES;
				CLANG_WARN_ENUM_CONVERSION = YES;
				CLANG_WARN_INFINITE_RECURSION = YES;
				CLANG_WARN_INT_CONVERSION = YES;
				CLANG_WARN_NON_LITERAL_NULL_CONVERSION = YES;
				CLANG_WARN_OBJC_IMPLICIT_RETAIN_SELF = YES;
				CLANG_WARN_OBJC_LITERAL_CONVERSION = YES;
				CLANG_WARN_OBJC_ROOT_CLASS = YES_ERROR;
				CLANG_WARN_QUOTED_INCLUDE_IN_FRAMEWORK_HEADER = YES;
				CLANG_WARN_RANGE_LOOP_ANALYSIS = YES;
				CLANG_WARN_STRICT_PROTOTYPES = YES;
				CLANG_WARN_SUSPICIOUS_MOVE = YES;
				CLANG_WARN_UNGUARDED_AVAILABILITY = YES_AGGRESSIVE;
				CLANG_WARN_UNREACHABLE_CODE = YES;
				CLANG_WARN__DUPLICATE_METHOD_MATCH = YES;
				COPY_PHASE_STRIP = NO;
				DEBUG_INFORMATION_FORMAT = dwarf;
				ENABLE_STRICT_OBJC_MSGSEND = YES;
				ENABLE_TESTABILITY = YES;
				GCC_C_LANGUAGE_STANDARD = gnu11;
				GCC_DYNAMIC_NO_PIC = NO;
				GCC_NO_COMMON_BLOCKS = YES;
				GCC_OPTIMIZATION_LEVEL = 0;
				GCC_PREPROCESSOR_DEFINITIONS = (
					"DEBUG=1",
					"$(inherited)",
				);
				GCC_WARN_64_TO_32_BIT_CONVERSION = YES;
				GCC_WARN_ABOUT_RETURN_TYPE = YES_ERROR;
				GCC_WARN_UNDECLARED_SELECTOR = YES;
				GCC_WARN_UNINITIALIZED_AUTOS = YES_AGGRESSIVE;
				GCC_WARN_UNUSED_FUNCTION = YES;
				GCC_WARN_UNUSED_VARIABLE = YES;
				IPHONEOS_DEPLOYMENT_TARGET = 15.5;
				MTL_ENABLE_DEBUG_INFO = INCLUDE_SOURCE;
				MTL_FAST_MATH = YES;
				ONLY_ACTIVE_ARCH = YES;
				SDKROOT = iphoneos;
				SWIFT_ACTIVE_COMPILATION_CONDITIONS = DEBUG;
				SWIFT_OPTIMIZATION_LEVEL = "-Onone";
			};
			name = Debug;
		};
		9E133DEA286F744100BEE639 /* Release */ = {
			isa = XCBuildConfiguration;
			buildSettings = {
				ALWAYS_SEARCH_USER_PATHS = NO;
				CLANG_ANALYZER_NONNULL = YES;
				CLANG_ANALYZER_NUMBER_OBJECT_CONVERSION = YES_AGGRESSIVE;
				CLANG_CXX_LANGUAGE_STANDARD = "gnu++17";
				CLANG_ENABLE_MODULES = YES;
				CLANG_ENABLE_OBJC_ARC = YES;
				CLANG_ENABLE_OBJC_WEAK = YES;
				CLANG_WARN_BLOCK_CAPTURE_AUTORELEASING = YES;
				CLANG_WARN_BOOL_CONVERSION = YES;
				CLANG_WARN_COMMA = YES;
				CLANG_WARN_CONSTANT_CONVERSION = YES;
				CLANG_WARN_DEPRECATED_OBJC_IMPLEMENTATIONS = YES;
				CLANG_WARN_DIRECT_OBJC_ISA_USAGE = YES_ERROR;
				CLANG_WARN_DOCUMENTATION_COMMENTS = YES;
				CLANG_WARN_EMPTY_BODY = YES;
				CLANG_WARN_ENUM_CONVERSION = YES;
				CLANG_WARN_INFINITE_RECURSION = YES;
				CLANG_WARN_INT_CONVERSION = YES;
				CLANG_WARN_NON_LITERAL_NULL_CONVERSION = YES;
				CLANG_WARN_OBJC_IMPLICIT_RETAIN_SELF = YES;
				CLANG_WARN_OBJC_LITERAL_CONVERSION = YES;
				CLANG_WARN_OBJC_ROOT_CLASS = YES_ERROR;
				CLANG_WARN_QUOTED_INCLUDE_IN_FRAMEWORK_HEADER = YES;
				CLANG_WARN_RANGE_LOOP_ANALYSIS = YES;
				CLANG_WARN_STRICT_PROTOTYPES = YES;
				CLANG_WARN_SUSPICIOUS_MOVE = YES;
				CLANG_WARN_UNGUARDED_AVAILABILITY = YES_AGGRESSIVE;
				CLANG_WARN_UNREACHABLE_CODE = YES;
				CLANG_WARN__DUPLICATE_METHOD_MATCH = YES;
				COPY_PHASE_STRIP = NO;
				DEBUG_INFORMATION_FORMAT = "dwarf-with-dsym";
				ENABLE_NS_ASSERTIONS = NO;
				ENABLE_STRICT_OBJC_MSGSEND = YES;
				GCC_C_LANGUAGE_STANDARD = gnu11;
				GCC_NO_COMMON_BLOCKS = YES;
				GCC_WARN_64_TO_32_BIT_CONVERSION = YES;
				GCC_WARN_ABOUT_RETURN_TYPE = YES_ERROR;
				GCC_WARN_UNDECLARED_SELECTOR = YES;
				GCC_WARN_UNINITIALIZED_AUTOS = YES_AGGRESSIVE;
				GCC_WARN_UNUSED_FUNCTION = YES;
				GCC_WARN_UNUSED_VARIABLE = YES;
				IPHONEOS_DEPLOYMENT_TARGET = 15.5;
				MTL_ENABLE_DEBUG_INFO = NO;
				MTL_FAST_MATH = YES;
				SDKROOT = iphoneos;
				SWIFT_COMPILATION_MODE = wholemodule;
				SWIFT_OPTIMIZATION_LEVEL = "-O";
				VALIDATE_PRODUCT = YES;
			};
			name = Release;
		};
		9E133DEC286F744100BEE639 /* Debug */ = {
			isa = XCBuildConfiguration;
			buildSettings = {
				ASSETCATALOG_COMPILER_APPICON_NAME = AppIcon;
				ASSETCATALOG_COMPILER_GLOBAL_ACCENT_COLOR_NAME = AccentColor;
				CODE_SIGN_STYLE = Automatic;
				CURRENT_PROJECT_VERSION = 1;
				DEVELOPMENT_ASSET_PATHS = "\"GreySkullLP/Preview Content\"";
				DEVELOPMENT_TEAM = WW6MQ8PF85;
				ENABLE_PREVIEWS = YES;
				GENERATE_INFOPLIST_FILE = YES;
				INFOPLIST_KEY_UIApplicationSceneManifest_Generation = YES;
				INFOPLIST_KEY_UIApplicationSupportsIndirectInputEvents = YES;
				INFOPLIST_KEY_UILaunchScreen_Generation = YES;
				INFOPLIST_KEY_UISupportedInterfaceOrientations_iPad = "UIInterfaceOrientationPortrait UIInterfaceOrientationPortraitUpsideDown UIInterfaceOrientationLandscapeLeft UIInterfaceOrientationLandscapeRight";
				INFOPLIST_KEY_UISupportedInterfaceOrientations_iPhone = "UIInterfaceOrientationPortrait UIInterfaceOrientationLandscapeLeft UIInterfaceOrientationLandscapeRight";
				LD_RUNPATH_SEARCH_PATHS = (
					"$(inherited)",
					"@executable_path/Frameworks",
				);
				MARKETING_VERSION = 1.0;
				PRODUCT_BUNDLE_IDENTIFIER = com.christopherkoski.GreySkullLP;
				PRODUCT_NAME = "$(TARGET_NAME)";
				SWIFT_EMIT_LOC_STRINGS = YES;
				SWIFT_VERSION = 5.0;
				TARGETED_DEVICE_FAMILY = "1,2";
			};
			name = Debug;
		};
		9E133DED286F744100BEE639 /* Release */ = {
			isa = XCBuildConfiguration;
			buildSettings = {
				ASSETCATALOG_COMPILER_APPICON_NAME = AppIcon;
				ASSETCATALOG_COMPILER_GLOBAL_ACCENT_COLOR_NAME = AccentColor;
				CODE_SIGN_STYLE = Automatic;
				CURRENT_PROJECT_VERSION = 1;
				DEVELOPMENT_ASSET_PATHS = "\"GreySkullLP/Preview Content\"";
				DEVELOPMENT_TEAM = WW6MQ8PF85;
				ENABLE_PREVIEWS = YES;
				GENERATE_INFOPLIST_FILE = YES;
				INFOPLIST_KEY_UIApplicationSceneManifest_Generation = YES;
				INFOPLIST_KEY_UIApplicationSupportsIndirectInputEvents = YES;
				INFOPLIST_KEY_UILaunchScreen_Generation = YES;
				INFOPLIST_KEY_UISupportedInterfaceOrientations_iPad = "UIInterfaceOrientationPortrait UIInterfaceOrientationPortraitUpsideDown UIInterfaceOrientationLandscapeLeft UIInterfaceOrientationLandscapeRight";
				INFOPLIST_KEY_UISupportedInterfaceOrientations_iPhone = "UIInterfaceOrientationPortrait UIInterfaceOrientationLandscapeLeft UIInterfaceOrientationLandscapeRight";
				LD_RUNPATH_SEARCH_PATHS = (
					"$(inherited)",
					"@executable_path/Frameworks",
				);
				MARKETING_VERSION = 1.0;
				PRODUCT_BUNDLE_IDENTIFIER = com.christopherkoski.GreySkullLP;
				PRODUCT_NAME = "$(TARGET_NAME)";
				SWIFT_EMIT_LOC_STRINGS = YES;
				SWIFT_VERSION = 5.0;
				TARGETED_DEVICE_FAMILY = "1,2";
			};
			name = Release;
		};
/* End XCBuildConfiguration section */

/* Begin XCConfigurationList section */
		9E133DD8286F744000BEE639 /* Build configuration list for PBXProject "GreySkullLP" */ = {
			isa = XCConfigurationList;
			buildConfigurations = (
				9E133DE9286F744100BEE639 /* Debug */,
				9E133DEA286F744100BEE639 /* Release */,
			);
			defaultConfigurationIsVisible = 0;
			defaultConfigurationName = Release;
		};
		9E133DEB286F744100BEE639 /* Build configuration list for PBXNativeTarget "GreySkullLP" */ = {
			isa = XCConfigurationList;
			buildConfigurations = (
				9E133DEC286F744100BEE639 /* Debug */,
				9E133DED286F744100BEE639 /* Release */,
			);
			defaultConfigurationIsVisible = 0;
			defaultConfigurationName = Release;
		};
/* End XCConfigurationList section */

/* Begin XCVersionGroup section */
		9E1791442870765200E00647 /* GreySkullLP.xcdatamodeld */ = {
			isa = XCVersionGroup;
			children = (
				9E1791452870765200E00647 /* GreySkullLP.xcdatamodel */,
			);
			currentVersion = 9E1791452870765200E00647 /* GreySkullLP.xcdatamodel */;
			path = GreySkullLP.xcdatamodeld;
			sourceTree = "<group>";
			versionGroupType = wrapper.xcdatamodel;
		};
/* End XCVersionGroup section */
	};
	rootObject = 9E133DD5286F744000BEE639 /* Project object */;
}
