// !$*UTF8*$!
{
	archiveVersion = 1;
	classes = {
	};
	objectVersion = 55;
	objects = {

/* Begin PBXBuildFile section */
		9E187D2E2892FF3D00142000 /* ExpenseTrackerApp.swift in Sources */ = {isa = PBXBuildFile; fileRef = 9E187D2D2892FF3D00142000 /* ExpenseTrackerApp.swift */; };
		9E187D302892FF3D00142000 /* ContentView.swift in Sources */ = {isa = PBXBuildFile; fileRef = 9E187D2F2892FF3D00142000 /* ContentView.swift */; };
		9E187D322892FF3E00142000 /* Assets.xcassets in Resources */ = {isa = PBXBuildFile; fileRef = 9E187D312892FF3E00142000 /* Assets.xcassets */; };
		9E187D352892FF3E00142000 /* Preview Assets.xcassets in Resources */ = {isa = PBXBuildFile; fileRef = 9E187D342892FF3E00142000 /* Preview Assets.xcassets */; };
		9E187D3D2893010900142000 /* ExpenseContainer.xcdatamodeld in Sources */ = {isa = PBXBuildFile; fileRef = 9E187D3B2893010900142000 /* ExpenseContainer.xcdatamodeld */; };
		9E187D3F2893055000142000 /* View+Extensions.swift in Sources */ = {isa = PBXBuildFile; fileRef = 9E187D3E2893055000142000 /* View+Extensions.swift */; };
		9E187D412893115A00142000 /* CoreDataViewModel.swift in Sources */ = {isa = PBXBuildFile; fileRef = 9E187D402893115A00142000 /* CoreDataViewModel.swift */; };
		9E187D4328936A0E00142000 /* AddExpenseView.swift in Sources */ = {isa = PBXBuildFile; fileRef = 9E187D4228936A0E00142000 /* AddExpenseView.swift */; };
		9E187D4528936D8600142000 /* DocumentScanner.swift in Sources */ = {isa = PBXBuildFile; fileRef = 9E187D4428936D8600142000 /* DocumentScanner.swift */; };
		9E8E1F2328936F8D00300E14 /* BackgroundView.swift in Sources */ = {isa = PBXBuildFile; fileRef = 9E8E1F2228936F8D00300E14 /* BackgroundView.swift */; };
		9E8E1F262893762E00300E14 /* RecentExpenseCardView.swift in Sources */ = {isa = PBXBuildFile; fileRef = 9E8E1F252893762E00300E14 /* RecentExpenseCardView.swift */; };
		9E8E1F2828937FE600300E14 /* TabBar.swift in Sources */ = {isa = PBXBuildFile; fileRef = 9E8E1F2728937FE600300E14 /* TabBar.swift */; };
		9E8E1F2B2893802E00300E14 /* Tab.swift in Sources */ = {isa = PBXBuildFile; fileRef = 9E8E1F2A2893802E00300E14 /* Tab.swift */; };
		9E8E1F2D289380A300300E14 /* HomeView.swift in Sources */ = {isa = PBXBuildFile; fileRef = 9E8E1F2C289380A300300E14 /* HomeView.swift */; };
/* End PBXBuildFile section */

/* Begin PBXFileReference section */
		9E187D2A2892FF3D00142000 /* ExpenseTracker.app */ = {isa = PBXFileReference; explicitFileType = wrapper.application; includeInIndex = 0; path = ExpenseTracker.app; sourceTree = BUILT_PRODUCTS_DIR; };
		9E187D2D2892FF3D00142000 /* ExpenseTrackerApp.swift */ = {isa = PBXFileReference; lastKnownFileType = sourcecode.swift; path = ExpenseTrackerApp.swift; sourceTree = "<group>"; };
		9E187D2F2892FF3D00142000 /* ContentView.swift */ = {isa = PBXFileReference; lastKnownFileType = sourcecode.swift; path = ContentView.swift; sourceTree = "<group>"; };
		9E187D312892FF3E00142000 /* Assets.xcassets */ = {isa = PBXFileReference; lastKnownFileType = folder.assetcatalog; path = Assets.xcassets; sourceTree = "<group>"; };
		9E187D342892FF3E00142000 /* Preview Assets.xcassets */ = {isa = PBXFileReference; lastKnownFileType = folder.assetcatalog; path = "Preview Assets.xcassets"; sourceTree = "<group>"; };
		9E187D3C2893010900142000 /* ExpenseContainer.xcdatamodel */ = {isa = PBXFileReference; lastKnownFileType = wrapper.xcdatamodel; path = ExpenseContainer.xcdatamodel; sourceTree = "<group>"; };
		9E187D3E2893055000142000 /* View+Extensions.swift */ = {isa = PBXFileReference; lastKnownFileType = sourcecode.swift; path = "View+Extensions.swift"; sourceTree = "<group>"; };
		9E187D402893115A00142000 /* CoreDataViewModel.swift */ = {isa = PBXFileReference; lastKnownFileType = sourcecode.swift; path = CoreDataViewModel.swift; sourceTree = "<group>"; };
		9E187D4228936A0E00142000 /* AddExpenseView.swift */ = {isa = PBXFileReference; lastKnownFileType = sourcecode.swift; path = AddExpenseView.swift; sourceTree = "<group>"; };
		9E187D4428936D8600142000 /* DocumentScanner.swift */ = {isa = PBXFileReference; lastKnownFileType = sourcecode.swift; path = DocumentScanner.swift; sourceTree = "<group>"; };
		9E8E1F2228936F8D00300E14 /* BackgroundView.swift */ = {isa = PBXFileReference; lastKnownFileType = sourcecode.swift; path = BackgroundView.swift; sourceTree = "<group>"; };
		9E8E1F252893762E00300E14 /* RecentExpenseCardView.swift */ = {isa = PBXFileReference; lastKnownFileType = sourcecode.swift; path = RecentExpenseCardView.swift; sourceTree = "<group>"; };
		9E8E1F2728937FE600300E14 /* TabBar.swift */ = {isa = PBXFileReference; lastKnownFileType = sourcecode.swift; path = TabBar.swift; sourceTree = "<group>"; };
		9E8E1F2A2893802E00300E14 /* Tab.swift */ = {isa = PBXFileReference; lastKnownFileType = sourcecode.swift; path = Tab.swift; sourceTree = "<group>"; };
		9E8E1F2C289380A300300E14 /* HomeView.swift */ = {isa = PBXFileReference; lastKnownFileType = sourcecode.swift; path = HomeView.swift; sourceTree = "<group>"; };
/* End PBXFileReference section */

/* Begin PBXFrameworksBuildPhase section */
		9E187D272892FF3D00142000 /* Frameworks */ = {
			isa = PBXFrameworksBuildPhase;
			buildActionMask = 2147483647;
			files = (
			);
			runOnlyForDeploymentPostprocessing = 0;
		};
/* End PBXFrameworksBuildPhase section */

/* Begin PBXGroup section */
		9E187D212892FF3D00142000 = {
			isa = PBXGroup;
			children = (
				9E187D2C2892FF3D00142000 /* ExpenseTracker */,
				9E187D2B2892FF3D00142000 /* Products */,
			);
			sourceTree = "<group>";
		};
		9E187D2B2892FF3D00142000 /* Products */ = {
			isa = PBXGroup;
			children = (
				9E187D2A2892FF3D00142000 /* ExpenseTracker.app */,
			);
			name = Products;
			sourceTree = "<group>";
		};
		9E187D2C2892FF3D00142000 /* ExpenseTracker */ = {
			isa = PBXGroup;
			children = (
				9E187D2D2892FF3D00142000 /* ExpenseTrackerApp.swift */,
				9E8E1F292893802000300E14 /* Models */,
				9E187D4728936EE100142000 /* ViewModels */,
				9E187D4628936ED600142000 /* Views */,
				9E8E1F2128936F7F00300E14 /* Helpers */,
				9E187D3B2893010900142000 /* ExpenseContainer.xcdatamodeld */,
				9E187D312892FF3E00142000 /* Assets.xcassets */,
				9E187D332892FF3E00142000 /* Preview Content */,
			);
			path = ExpenseTracker;
			sourceTree = "<group>";
		};
		9E187D332892FF3E00142000 /* Preview Content */ = {
			isa = PBXGroup;
			children = (
				9E187D342892FF3E00142000 /* Preview Assets.xcassets */,
			);
			path = "Preview Content";
			sourceTree = "<group>";
		};
		9E187D4628936ED600142000 /* Views */ = {
			isa = PBXGroup;
			children = (
				9E8E1F242893761B00300E14 /* ViewComponents */,
				9E187D2F2892FF3D00142000 /* ContentView.swift */,
				9E8E1F2C289380A300300E14 /* HomeView.swift */,
				9E187D4228936A0E00142000 /* AddExpenseView.swift */,
			);
			path = Views;
			sourceTree = "<group>";
		};
		9E187D4728936EE100142000 /* ViewModels */ = {
			isa = PBXGroup;
			children = (
				9E187D402893115A00142000 /* CoreDataViewModel.swift */,
			);
			path = ViewModels;
			sourceTree = "<group>";
		};
		9E8E1F2128936F7F00300E14 /* Helpers */ = {
			isa = PBXGroup;
			children = (
				9E187D4428936D8600142000 /* DocumentScanner.swift */,
				9E187D3E2893055000142000 /* View+Extensions.swift */,
			);
			path = Helpers;
			sourceTree = "<group>";
		};
		9E8E1F242893761B00300E14 /* ViewComponents */ = {
			isa = PBXGroup;
			children = (
				9E8E1F2228936F8D00300E14 /* BackgroundView.swift */,
				9E8E1F252893762E00300E14 /* RecentExpenseCardView.swift */,
				9E8E1F2728937FE600300E14 /* TabBar.swift */,
			);
			path = ViewComponents;
			sourceTree = "<group>";
		};
		9E8E1F292893802000300E14 /* Models */ = {
			isa = PBXGroup;
			children = (
				9E8E1F2A2893802E00300E14 /* Tab.swift */,
			);
			path = Models;
			sourceTree = "<group>";
		};
/* End PBXGroup section */

/* Begin PBXNativeTarget section */
		9E187D292892FF3D00142000 /* ExpenseTracker */ = {
			isa = PBXNativeTarget;
			buildConfigurationList = 9E187D382892FF3E00142000 /* Build configuration list for PBXNativeTarget "ExpenseTracker" */;
			buildPhases = (
				9E187D262892FF3D00142000 /* Sources */,
				9E187D272892FF3D00142000 /* Frameworks */,
				9E187D282892FF3D00142000 /* Resources */,
			);
			buildRules = (
			);
			dependencies = (
			);
			name = ExpenseTracker;
			productName = ExpenseTracker;
			productReference = 9E187D2A2892FF3D00142000 /* ExpenseTracker.app */;
			productType = "com.apple.product-type.application";
		};
/* End PBXNativeTarget section */

/* Begin PBXProject section */
		9E187D222892FF3D00142000 /* Project object */ = {
			isa = PBXProject;
			attributes = {
				BuildIndependentTargetsInParallel = 1;
				LastSwiftUpdateCheck = 1340;
				LastUpgradeCheck = 1340;
				TargetAttributes = {
					9E187D292892FF3D00142000 = {
						CreatedOnToolsVersion = 13.4.1;
					};
				};
			};
			buildConfigurationList = 9E187D252892FF3D00142000 /* Build configuration list for PBXProject "ExpenseTracker" */;
			compatibilityVersion = "Xcode 13.0";
			developmentRegion = en;
			hasScannedForEncodings = 0;
			knownRegions = (
				en,
				Base,
			);
			mainGroup = 9E187D212892FF3D00142000;
			productRefGroup = 9E187D2B2892FF3D00142000 /* Products */;
			projectDirPath = "";
			projectRoot = "";
			targets = (
				9E187D292892FF3D00142000 /* ExpenseTracker */,
			);
		};
/* End PBXProject section */

/* Begin PBXResourcesBuildPhase section */
		9E187D282892FF3D00142000 /* Resources */ = {
			isa = PBXResourcesBuildPhase;
			buildActionMask = 2147483647;
			files = (
				9E187D352892FF3E00142000 /* Preview Assets.xcassets in Resources */,
				9E187D322892FF3E00142000 /* Assets.xcassets in Resources */,
			);
			runOnlyForDeploymentPostprocessing = 0;
		};
/* End PBXResourcesBuildPhase section */

/* Begin PBXSourcesBuildPhase section */
		9E187D262892FF3D00142000 /* Sources */ = {
			isa = PBXSourcesBuildPhase;
			buildActionMask = 2147483647;
			files = (
				9E187D412893115A00142000 /* CoreDataViewModel.swift in Sources */,
				9E187D302892FF3D00142000 /* ContentView.swift in Sources */,
				9E8E1F2328936F8D00300E14 /* BackgroundView.swift in Sources */,
				9E187D3D2893010900142000 /* ExpenseContainer.xcdatamodeld in Sources */,
				9E8E1F262893762E00300E14 /* RecentExpenseCardView.swift in Sources */,
				9E8E1F2B2893802E00300E14 /* Tab.swift in Sources */,
				9E187D4328936A0E00142000 /* AddExpenseView.swift in Sources */,
				9E187D4528936D8600142000 /* DocumentScanner.swift in Sources */,
				9E187D3F2893055000142000 /* View+Extensions.swift in Sources */,
				9E8E1F2D289380A300300E14 /* HomeView.swift in Sources */,
				9E187D2E2892FF3D00142000 /* ExpenseTrackerApp.swift in Sources */,
				9E8E1F2828937FE600300E14 /* TabBar.swift in Sources */,
			);
			runOnlyForDeploymentPostprocessing = 0;
		};
/* End PBXSourcesBuildPhase section */

/* Begin XCBuildConfiguration section */
		9E187D362892FF3E00142000 /* Debug */ = {
			isa = XCBuildConfiguration;
			buildSettings = {
				ALWAYS_SEARCH_USER_PATHS = NO;
				CLANG_ANALYZER_NONNULL = YES;
				CLANG_ANALYZER_NUMBER_OBJECT_CONVERSION = YES_AGGRESSIVE;
				CLANG_CXX_LANGUAGE_STANDARD = "gnu++17";
				CLANG_ENABLE_MODULES = YES;
				CLANG_ENABLE_OBJC_ARC = YES;
				CLANG_ENABLE_OBJC_WEAK = YES;
				CLANG_WARN_BLOCK_CAPTURE_AUTORELEASING = YES;
				CLANG_WARN_BOOL_CONVERSION = YES;
				CLANG_WARN_COMMA = YES;
				CLANG_WARN_CONSTANT_CONVERSION = YES;
				CLANG_WARN_DEPRECATED_OBJC_IMPLEMENTATIONS = YES;
				CLANG_WARN_DIRECT_OBJC_ISA_USAGE = YES_ERROR;
				CLANG_WARN_DOCUMENTATION_COMMENTS = YES;
				CLANG_WARN_EMPTY_BODY = YES;
				CLANG_WARN_ENUM_CONVERSION = YES;
				CLANG_WARN_INFINITE_RECURSION = YES;
				CLANG_WARN_INT_CONVERSION = YES;
				CLANG_WARN_NON_LITERAL_NULL_CONVERSION = YES;
				CLANG_WARN_OBJC_IMPLICIT_RETAIN_SELF = YES;
				CLANG_WARN_OBJC_LITERAL_CONVERSION = YES;
				CLANG_WARN_OBJC_ROOT_CLASS = YES_ERROR;
				CLANG_WARN_QUOTED_INCLUDE_IN_FRAMEWORK_HEADER = YES;
				CLANG_WARN_RANGE_LOOP_ANALYSIS = YES;
				CLANG_WARN_STRICT_PROTOTYPES = YES;
				CLANG_WARN_SUSPICIOUS_MOVE = YES;
				CLANG_WARN_UNGUARDED_AVAILABILITY = YES_AGGRESSIVE;
				CLANG_WARN_UNREACHABLE_CODE = YES;
				CLANG_WARN__DUPLICATE_METHOD_MATCH = YES;
				COPY_PHASE_STRIP = NO;
				DEBUG_INFORMATION_FORMAT = dwarf;
				ENABLE_STRICT_OBJC_MSGSEND = YES;
				ENABLE_TESTABILITY = YES;
				GCC_C_LANGUAGE_STANDARD = gnu11;
				GCC_DYNAMIC_NO_PIC = NO;
				GCC_NO_COMMON_BLOCKS = YES;
				GCC_OPTIMIZATION_LEVEL = 0;
				GCC_PREPROCESSOR_DEFINITIONS = (
					"DEBUG=1",
					"$(inherited)",
				);
				GCC_WARN_64_TO_32_BIT_CONVERSION = YES;
				GCC_WARN_ABOUT_RETURN_TYPE = YES_ERROR;
				GCC_WARN_UNDECLARED_SELECTOR = YES;
				GCC_WARN_UNINITIALIZED_AUTOS = YES_AGGRESSIVE;
				GCC_WARN_UNUSED_FUNCTION = YES;
				GCC_WARN_UNUSED_VARIABLE = YES;
				IPHONEOS_DEPLOYMENT_TARGET = 15.5;
				MTL_ENABLE_DEBUG_INFO = INCLUDE_SOURCE;
				MTL_FAST_MATH = YES;
				ONLY_ACTIVE_ARCH = YES;
				SDKROOT = iphoneos;
				SWIFT_ACTIVE_COMPILATION_CONDITIONS = DEBUG;
				SWIFT_OPTIMIZATION_LEVEL = "-Onone";
			};
			name = Debug;
		};
		9E187D372892FF3E00142000 /* Release */ = {
			isa = XCBuildConfiguration;
			buildSettings = {
				ALWAYS_SEARCH_USER_PATHS = NO;
				CLANG_ANALYZER_NONNULL = YES;
				CLANG_ANALYZER_NUMBER_OBJECT_CONVERSION = YES_AGGRESSIVE;
				CLANG_CXX_LANGUAGE_STANDARD = "gnu++17";
				CLANG_ENABLE_MODULES = YES;
				CLANG_ENABLE_OBJC_ARC = YES;
				CLANG_ENABLE_OBJC_WEAK = YES;
				CLANG_WARN_BLOCK_CAPTURE_AUTORELEASING = YES;
				CLANG_WARN_BOOL_CONVERSION = YES;
				CLANG_WARN_COMMA = YES;
				CLANG_WARN_CONSTANT_CONVERSION = YES;
				CLANG_WARN_DEPRECATED_OBJC_IMPLEMENTATIONS = YES;
				CLANG_WARN_DIRECT_OBJC_ISA_USAGE = YES_ERROR;
				CLANG_WARN_DOCUMENTATION_COMMENTS = YES;
				CLANG_WARN_EMPTY_BODY = YES;
				CLANG_WARN_ENUM_CONVERSION = YES;
				CLANG_WARN_INFINITE_RECURSION = YES;
				CLANG_WARN_INT_CONVERSION = YES;
				CLANG_WARN_NON_LITERAL_NULL_CONVERSION = YES;
				CLANG_WARN_OBJC_IMPLICIT_RETAIN_SELF = YES;
				CLANG_WARN_OBJC_LITERAL_CONVERSION = YES;
				CLANG_WARN_OBJC_ROOT_CLASS = YES_ERROR;
				CLANG_WARN_QUOTED_INCLUDE_IN_FRAMEWORK_HEADER = YES;
				CLANG_WARN_RANGE_LOOP_ANALYSIS = YES;
				CLANG_WARN_STRICT_PROTOTYPES = YES;
				CLANG_WARN_SUSPICIOUS_MOVE = YES;
				CLANG_WARN_UNGUARDED_AVAILABILITY = YES_AGGRESSIVE;
				CLANG_WARN_UNREACHABLE_CODE = YES;
				CLANG_WARN__DUPLICATE_METHOD_MATCH = YES;
				COPY_PHASE_STRIP = NO;
				DEBUG_INFORMATION_FORMAT = "dwarf-with-dsym";
				ENABLE_NS_ASSERTIONS = NO;
				ENABLE_STRICT_OBJC_MSGSEND = YES;
				GCC_C_LANGUAGE_STANDARD = gnu11;
				GCC_NO_COMMON_BLOCKS = YES;
				GCC_WARN_64_TO_32_BIT_CONVERSION = YES;
				GCC_WARN_ABOUT_RETURN_TYPE = YES_ERROR;
				GCC_WARN_UNDECLARED_SELECTOR = YES;
				GCC_WARN_UNINITIALIZED_AUTOS = YES_AGGRESSIVE;
				GCC_WARN_UNUSED_FUNCTION = YES;
				GCC_WARN_UNUSED_VARIABLE = YES;
				IPHONEOS_DEPLOYMENT_TARGET = 15.5;
				MTL_ENABLE_DEBUG_INFO = NO;
				MTL_FAST_MATH = YES;
				SDKROOT = iphoneos;
				SWIFT_COMPILATION_MODE = wholemodule;
				SWIFT_OPTIMIZATION_LEVEL = "-O";
				VALIDATE_PRODUCT = YES;
			};
			name = Release;
		};
		9E187D392892FF3E00142000 /* Debug */ = {
			isa = XCBuildConfiguration;
			buildSettings = {
				ASSETCATALOG_COMPILER_APPICON_NAME = AppIcon;
				ASSETCATALOG_COMPILER_GLOBAL_ACCENT_COLOR_NAME = AccentColor;
				CODE_SIGN_STYLE = Automatic;
				CURRENT_PROJECT_VERSION = 1;
				DEVELOPMENT_ASSET_PATHS = "\"ExpenseTracker/Preview Content\"";
				DEVELOPMENT_TEAM = WW6MQ8PF85;
				ENABLE_PREVIEWS = YES;
				GENERATE_INFOPLIST_FILE = YES;
				INFOPLIST_KEY_UIApplicationSceneManifest_Generation = YES;
				INFOPLIST_KEY_UIApplicationSupportsIndirectInputEvents = YES;
				INFOPLIST_KEY_UILaunchScreen_Generation = YES;
				INFOPLIST_KEY_UISupportedInterfaceOrientations_iPad = "UIInterfaceOrientationPortrait UIInterfaceOrientationPortraitUpsideDown UIInterfaceOrientationLandscapeLeft UIInterfaceOrientationLandscapeRight";
				INFOPLIST_KEY_UISupportedInterfaceOrientations_iPhone = "UIInterfaceOrientationPortrait UIInterfaceOrientationLandscapeLeft UIInterfaceOrientationLandscapeRight";
				LD_RUNPATH_SEARCH_PATHS = (
					"$(inherited)",
					"@executable_path/Frameworks",
				);
				MARKETING_VERSION = 1.0;
				PRODUCT_BUNDLE_IDENTIFIER = com.christopherkoski.ExpenseTracker;
				PRODUCT_NAME = "$(TARGET_NAME)";
				SWIFT_EMIT_LOC_STRINGS = YES;
				SWIFT_VERSION = 5.0;
				TARGETED_DEVICE_FAMILY = "1,2";
			};
			name = Debug;
		};
		9E187D3A2892FF3E00142000 /* Release */ = {
			isa = XCBuildConfiguration;
			buildSettings = {
				ASSETCATALOG_COMPILER_APPICON_NAME = AppIcon;
				ASSETCATALOG_COMPILER_GLOBAL_ACCENT_COLOR_NAME = AccentColor;
				CODE_SIGN_STYLE = Automatic;
				CURRENT_PROJECT_VERSION = 1;
				DEVELOPMENT_ASSET_PATHS = "\"ExpenseTracker/Preview Content\"";
				DEVELOPMENT_TEAM = WW6MQ8PF85;
				ENABLE_PREVIEWS = YES;
				GENERATE_INFOPLIST_FILE = YES;
				INFOPLIST_KEY_UIApplicationSceneManifest_Generation = YES;
				INFOPLIST_KEY_UIApplicationSupportsIndirectInputEvents = YES;
				INFOPLIST_KEY_UILaunchScreen_Generation = YES;
				INFOPLIST_KEY_UISupportedInterfaceOrientations_iPad = "UIInterfaceOrientationPortrait UIInterfaceOrientationPortraitUpsideDown UIInterfaceOrientationLandscapeLeft UIInterfaceOrientationLandscapeRight";
				INFOPLIST_KEY_UISupportedInterfaceOrientations_iPhone = "UIInterfaceOrientationPortrait UIInterfaceOrientationLandscapeLeft UIInterfaceOrientationLandscapeRight";
				LD_RUNPATH_SEARCH_PATHS = (
					"$(inherited)",
					"@executable_path/Frameworks",
				);
				MARKETING_VERSION = 1.0;
				PRODUCT_BUNDLE_IDENTIFIER = com.christopherkoski.ExpenseTracker;
				PRODUCT_NAME = "$(TARGET_NAME)";
				SWIFT_EMIT_LOC_STRINGS = YES;
				SWIFT_VERSION = 5.0;
				TARGETED_DEVICE_FAMILY = "1,2";
			};
			name = Release;
		};
/* End XCBuildConfiguration section */

/* Begin XCConfigurationList section */
		9E187D252892FF3D00142000 /* Build configuration list for PBXProject "ExpenseTracker" */ = {
			isa = XCConfigurationList;
			buildConfigurations = (
				9E187D362892FF3E00142000 /* Debug */,
				9E187D372892FF3E00142000 /* Release */,
			);
			defaultConfigurationIsVisible = 0;
			defaultConfigurationName = Release;
		};
		9E187D382892FF3E00142000 /* Build configuration list for PBXNativeTarget "ExpenseTracker" */ = {
			isa = XCConfigurationList;
			buildConfigurations = (
				9E187D392892FF3E00142000 /* Debug */,
				9E187D3A2892FF3E00142000 /* Release */,
			);
			defaultConfigurationIsVisible = 0;
			defaultConfigurationName = Release;
		};
/* End XCConfigurationList section */

/* Begin XCVersionGroup section */
		9E187D3B2893010900142000 /* ExpenseContainer.xcdatamodeld */ = {
			isa = XCVersionGroup;
			children = (
				9E187D3C2893010900142000 /* ExpenseContainer.xcdatamodel */,
			);
			currentVersion = 9E187D3C2893010900142000 /* ExpenseContainer.xcdatamodel */;
			path = ExpenseContainer.xcdatamodeld;
			sourceTree = "<group>";
			versionGroupType = wrapper.xcdatamodel;
		};
/* End XCVersionGroup section */
	};
	rootObject = 9E187D222892FF3D00142000 /* Project object */;
}
