// !$*UTF8*$!
{
	archiveVersion = 1;
	classes = {
	};
	objectVersion = 55;
	objects = {

/* Begin PBXBuildFile section */
		9E4FC05327EE6BA100DEE1CA /* RickMortySwiftApi in Frameworks */ = {isa = PBXBuildFile; productRef = 9E4FC05227EE6BA100DEE1CA /* RickMortySwiftApi */; };
		9E4FC05627EE6D1000DEE1CA /* RMModel.swift in Sources */ = {isa = PBXBuildFile; fileRef = 9E4FC05527EE6D1000DEE1CA /* RMModel.swift */; };
		9EF9274B27ED586D0074F679 /* SwiftUIAPICallsApp.swift in Sources */ = {isa = PBXBuildFile; fileRef = 9EF9274A27ED586D0074F679 /* SwiftUIAPICallsApp.swift */; };
		9EF9274D27ED586D0074F679 /* ContentView.swift in Sources */ = {isa = PBXBuildFile; fileRef = 9EF9274C27ED586D0074F679 /* ContentView.swift */; };
		9EF9274F27ED586E0074F679 /* Assets.xcassets in Resources */ = {isa = PBXBuildFile; fileRef = 9EF9274E27ED586E0074F679 /* Assets.xcassets */; };
		9EF9275227ED586E0074F679 /* Preview Assets.xcassets in Resources */ = {isa = PBXBuildFile; fileRef = 9EF9275127ED586E0074F679 /* Preview Assets.xcassets */; };
/* End PBXBuildFile section */

/* Begin PBXFileReference section */
		9E4FC05527EE6D1000DEE1CA /* RMModel.swift */ = {isa = PBXFileReference; lastKnownFileType = sourcecode.swift; path = RMModel.swift; sourceTree = "<group>"; };
		9EF9274727ED586D0074F679 /* SwiftUIAPICalls.app */ = {isa = PBXFileReference; explicitFileType = wrapper.application; includeInIndex = 0; path = SwiftUIAPICalls.app; sourceTree = BUILT_PRODUCTS_DIR; };
		9EF9274A27ED586D0074F679 /* SwiftUIAPICallsApp.swift */ = {isa = PBXFileReference; lastKnownFileType = sourcecode.swift; path = SwiftUIAPICallsApp.swift; sourceTree = "<group>"; };
		9EF9274C27ED586D0074F679 /* ContentView.swift */ = {isa = PBXFileReference; lastKnownFileType = sourcecode.swift; path = ContentView.swift; sourceTree = "<group>"; };
		9EF9274E27ED586E0074F679 /* Assets.xcassets */ = {isa = PBXFileReference; lastKnownFileType = folder.assetcatalog; path = Assets.xcassets; sourceTree = "<group>"; };
		9EF9275127ED586E0074F679 /* Preview Assets.xcassets */ = {isa = PBXFileReference; lastKnownFileType = folder.assetcatalog; path = "Preview Assets.xcassets"; sourceTree = "<group>"; };
/* End PBXFileReference section */

/* Begin PBXFrameworksBuildPhase section */
		9EF9274427ED586D0074F679 /* Frameworks */ = {
			isa = PBXFrameworksBuildPhase;
			buildActionMask = 2147483647;
			files = (
				9E4FC05327EE6BA100DEE1CA /* RickMortySwiftApi in Frameworks */,
			);
			runOnlyForDeploymentPostprocessing = 0;
		};
/* End PBXFrameworksBuildPhase section */

/* Begin PBXGroup section */
		9EF9273E27ED586D0074F679 = {
			isa = PBXGroup;
			children = (
				9EF9274927ED586D0074F679 /* SwiftUIAPICalls */,
				9EF9274827ED586D0074F679 /* Products */,
			);
			sourceTree = "<group>";
		};
		9EF9274827ED586D0074F679 /* Products */ = {
			isa = PBXGroup;
			children = (
				9EF9274727ED586D0074F679 /* SwiftUIAPICalls.app */,
			);
			name = Products;
			sourceTree = "<group>";
		};
		9EF9274927ED586D0074F679 /* SwiftUIAPICalls */ = {
			isa = PBXGroup;
			children = (
				9EF9274A27ED586D0074F679 /* SwiftUIAPICallsApp.swift */,
				9EF9274C27ED586D0074F679 /* ContentView.swift */,
				9EF9274E27ED586E0074F679 /* Assets.xcassets */,
				9EF9275027ED586E0074F679 /* Preview Content */,
				9E4FC05527EE6D1000DEE1CA /* RMModel.swift */,
			);
			path = SwiftUIAPICalls;
			sourceTree = "<group>";
		};
		9EF9275027ED586E0074F679 /* Preview Content */ = {
			isa = PBXGroup;
			children = (
				9EF9275127ED586E0074F679 /* Preview Assets.xcassets */,
			);
			path = "Preview Content";
			sourceTree = "<group>";
		};
/* End PBXGroup section */

/* Begin PBXNativeTarget section */
		9EF9274627ED586D0074F679 /* SwiftUIAPICalls */ = {
			isa = PBXNativeTarget;
			buildConfigurationList = 9EF9275527ED586E0074F679 /* Build configuration list for PBXNativeTarget "SwiftUIAPICalls" */;
			buildPhases = (
				9EF9274327ED586D0074F679 /* Sources */,
				9EF9274427ED586D0074F679 /* Frameworks */,
				9EF9274527ED586D0074F679 /* Resources */,
			);
			buildRules = (
			);
			dependencies = (
			);
			name = SwiftUIAPICalls;
			packageProductDependencies = (
				9E4FC05227EE6BA100DEE1CA /* RickMortySwiftApi */,
			);
			productName = SwiftUIAPICalls;
			productReference = 9EF9274727ED586D0074F679 /* SwiftUIAPICalls.app */;
			productType = "com.apple.product-type.application";
		};
/* End PBXNativeTarget section */

/* Begin PBXProject section */
		9EF9273F27ED586D0074F679 /* Project object */ = {
			isa = PBXProject;
			attributes = {
				BuildIndependentTargetsInParallel = 1;
				LastSwiftUpdateCheck = 1330;
				LastUpgradeCheck = 1330;
				TargetAttributes = {
					9EF9274627ED586D0074F679 = {
						CreatedOnToolsVersion = 13.3;
					};
				};
			};
			buildConfigurationList = 9EF9274227ED586D0074F679 /* Build configuration list for PBXProject "SwiftUIAPICalls" */;
			compatibilityVersion = "Xcode 13.0";
			developmentRegion = en;
			hasScannedForEncodings = 0;
			knownRegions = (
				en,
				Base,
			);
			mainGroup = 9EF9273E27ED586D0074F679;
			packageReferences = (
				9E4FC05127EE6BA100DEE1CA /* XCRemoteSwiftPackageReference "Rick-and-Morty-Swift-API" */,
			);
			productRefGroup = 9EF9274827ED586D0074F679 /* Products */;
			projectDirPath = "";
			projectRoot = "";
			targets = (
				9EF9274627ED586D0074F679 /* SwiftUIAPICalls */,
			);
		};
/* End PBXProject section */

/* Begin PBXResourcesBuildPhase section */
		9EF9274527ED586D0074F679 /* Resources */ = {
			isa = PBXResourcesBuildPhase;
			buildActionMask = 2147483647;
			files = (
				9EF9275227ED586E0074F679 /* Preview Assets.xcassets in Resources */,
				9EF9274F27ED586E0074F679 /* Assets.xcassets in Resources */,
			);
			runOnlyForDeploymentPostprocessing = 0;
		};
/* End PBXResourcesBuildPhase section */

/* Begin PBXSourcesBuildPhase section */
		9EF9274327ED586D0074F679 /* Sources */ = {
			isa = PBXSourcesBuildPhase;
			buildActionMask = 2147483647;
			files = (
				9EF9274D27ED586D0074F679 /* ContentView.swift in Sources */,
				9EF9274B27ED586D0074F679 /* SwiftUIAPICallsApp.swift in Sources */,
				9E4FC05627EE6D1000DEE1CA /* RMModel.swift in Sources */,
			);
			runOnlyForDeploymentPostprocessing = 0;
		};
/* End PBXSourcesBuildPhase section */

/* Begin XCBuildConfiguration section */
		9EF9275327ED586E0074F679 /* Debug */ = {
			isa = XCBuildConfiguration;
			buildSettings = {
				ALWAYS_SEARCH_USER_PATHS = NO;
				CLANG_ANALYZER_NONNULL = YES;
				CLANG_ANALYZER_NUMBER_OBJECT_CONVERSION = YES_AGGRESSIVE;
				CLANG_CXX_LANGUAGE_STANDARD = "gnu++17";
				CLANG_ENABLE_MODULES = YES;
				CLANG_ENABLE_OBJC_ARC = YES;
				CLANG_ENABLE_OBJC_WEAK = YES;
				CLANG_WARN_BLOCK_CAPTURE_AUTORELEASING = YES;
				CLANG_WARN_BOOL_CONVERSION = YES;
				CLANG_WARN_COMMA = YES;
				CLANG_WARN_CONSTANT_CONVERSION = YES;
				CLANG_WARN_DEPRECATED_OBJC_IMPLEMENTATIONS = YES;
				CLANG_WARN_DIRECT_OBJC_ISA_USAGE = YES_ERROR;
				CLANG_WARN_DOCUMENTATION_COMMENTS = YES;
				CLANG_WARN_EMPTY_BODY = YES;
				CLANG_WARN_ENUM_CONVERSION = YES;
				CLANG_WARN_INFINITE_RECURSION = YES;
				CLANG_WARN_INT_CONVERSION = YES;
				CLANG_WARN_NON_LITERAL_NULL_CONVERSION = YES;
				CLANG_WARN_OBJC_IMPLICIT_RETAIN_SELF = YES;
				CLANG_WARN_OBJC_LITERAL_CONVERSION = YES;
				CLANG_WARN_OBJC_ROOT_CLASS = YES_ERROR;
				CLANG_WARN_QUOTED_INCLUDE_IN_FRAMEWORK_HEADER = YES;
				CLANG_WARN_RANGE_LOOP_ANALYSIS = YES;
				CLANG_WARN_STRICT_PROTOTYPES = YES;
				CLANG_WARN_SUSPICIOUS_MOVE = YES;
				CLANG_WARN_UNGUARDED_AVAILABILITY = YES_AGGRESSIVE;
				CLANG_WARN_UNREACHABLE_CODE = YES;
				CLANG_WARN__DUPLICATE_METHOD_MATCH = YES;
				COPY_PHASE_STRIP = NO;
				DEBUG_INFORMATION_FORMAT = dwarf;
				ENABLE_STRICT_OBJC_MSGSEND = YES;
				ENABLE_TESTABILITY = YES;
				GCC_C_LANGUAGE_STANDARD = gnu11;
				GCC_DYNAMIC_NO_PIC = NO;
				GCC_NO_COMMON_BLOCKS = YES;
				GCC_OPTIMIZATION_LEVEL = 0;
				GCC_PREPROCESSOR_DEFINITIONS = (
					"DEBUG=1",
					"$(inherited)",
				);
				GCC_WARN_64_TO_32_BIT_CONVERSION = YES;
				GCC_WARN_ABOUT_RETURN_TYPE = YES_ERROR;
				GCC_WARN_UNDECLARED_SELECTOR = YES;
				GCC_WARN_UNINITIALIZED_AUTOS = YES_AGGRESSIVE;
				GCC_WARN_UNUSED_FUNCTION = YES;
				GCC_WARN_UNUSED_VARIABLE = YES;
				IPHONEOS_DEPLOYMENT_TARGET = 15.4;
				MTL_ENABLE_DEBUG_INFO = INCLUDE_SOURCE;
				MTL_FAST_MATH = YES;
				ONLY_ACTIVE_ARCH = YES;
				SDKROOT = iphoneos;
				SWIFT_ACTIVE_COMPILATION_CONDITIONS = DEBUG;
				SWIFT_OPTIMIZATION_LEVEL = "-Onone";
			};
			name = Debug;
		};
		9EF9275427ED586E0074F679 /* Release */ = {
			isa = XCBuildConfiguration;
			buildSettings = {
				ALWAYS_SEARCH_USER_PATHS = NO;
				CLANG_ANALYZER_NONNULL = YES;
				CLANG_ANALYZER_NUMBER_OBJECT_CONVERSION = YES_AGGRESSIVE;
				CLANG_CXX_LANGUAGE_STANDARD = "gnu++17";
				CLANG_ENABLE_MODULES = YES;
				CLANG_ENABLE_OBJC_ARC = YES;
				CLANG_ENABLE_OBJC_WEAK = YES;
				CLANG_WARN_BLOCK_CAPTURE_AUTORELEASING = YES;
				CLANG_WARN_BOOL_CONVERSION = YES;
				CLANG_WARN_COMMA = YES;
				CLANG_WARN_CONSTANT_CONVERSION = YES;
				CLANG_WARN_DEPRECATED_OBJC_IMPLEMENTATIONS = YES;
				CLANG_WARN_DIRECT_OBJC_ISA_USAGE = YES_ERROR;
				CLANG_WARN_DOCUMENTATION_COMMENTS = YES;
				CLANG_WARN_EMPTY_BODY = YES;
				CLANG_WARN_ENUM_CONVERSION = YES;
				CLANG_WARN_INFINITE_RECURSION = YES;
				CLANG_WARN_INT_CONVERSION = YES;
				CLANG_WARN_NON_LITERAL_NULL_CONVERSION = YES;
				CLANG_WARN_OBJC_IMPLICIT_RETAIN_SELF = YES;
				CLANG_WARN_OBJC_LITERAL_CONVERSION = YES;
				CLANG_WARN_OBJC_ROOT_CLASS = YES_ERROR;
				CLANG_WARN_QUOTED_INCLUDE_IN_FRAMEWORK_HEADER = YES;
				CLANG_WARN_RANGE_LOOP_ANALYSIS = YES;
				CLANG_WARN_STRICT_PROTOTYPES = YES;
				CLANG_WARN_SUSPICIOUS_MOVE = YES;
				CLANG_WARN_UNGUARDED_AVAILABILITY = YES_AGGRESSIVE;
				CLANG_WARN_UNREACHABLE_CODE = YES;
				CLANG_WARN__DUPLICATE_METHOD_MATCH = YES;
				COPY_PHASE_STRIP = NO;
				DEBUG_INFORMATION_FORMAT = "dwarf-with-dsym";
				ENABLE_NS_ASSERTIONS = NO;
				ENABLE_STRICT_OBJC_MSGSEND = YES;
				GCC_C_LANGUAGE_STANDARD = gnu11;
				GCC_NO_COMMON_BLOCKS = YES;
				GCC_WARN_64_TO_32_BIT_CONVERSION = YES;
				GCC_WARN_ABOUT_RETURN_TYPE = YES_ERROR;
				GCC_WARN_UNDECLARED_SELECTOR = YES;
				GCC_WARN_UNINITIALIZED_AUTOS = YES_AGGRESSIVE;
				GCC_WARN_UNUSED_FUNCTION = YES;
				GCC_WARN_UNUSED_VARIABLE = YES;
				IPHONEOS_DEPLOYMENT_TARGET = 15.4;
				MTL_ENABLE_DEBUG_INFO = NO;
				MTL_FAST_MATH = YES;
				SDKROOT = iphoneos;
				SWIFT_COMPILATION_MODE = wholemodule;
				SWIFT_OPTIMIZATION_LEVEL = "-O";
				VALIDATE_PRODUCT = YES;
			};
			name = Release;
		};
		9EF9275627ED586E0074F679 /* Debug */ = {
			isa = XCBuildConfiguration;
			buildSettings = {
				ASSETCATALOG_COMPILER_APPICON_NAME = AppIcon;
				ASSETCATALOG_COMPILER_GLOBAL_ACCENT_COLOR_NAME = AccentColor;
				CODE_SIGN_STYLE = Automatic;
				CURRENT_PROJECT_VERSION = 1;
				DEVELOPMENT_ASSET_PATHS = "\"SwiftUIAPICalls/Preview Content\"";
				DEVELOPMENT_TEAM = WW6MQ8PF85;
				ENABLE_PREVIEWS = YES;
				GENERATE_INFOPLIST_FILE = YES;
				INFOPLIST_KEY_UIApplicationSceneManifest_Generation = YES;
				INFOPLIST_KEY_UIApplicationSupportsIndirectInputEvents = YES;
				INFOPLIST_KEY_UILaunchScreen_Generation = YES;
				INFOPLIST_KEY_UISupportedInterfaceOrientations_iPad = "UIInterfaceOrientationPortrait UIInterfaceOrientationPortraitUpsideDown UIInterfaceOrientationLandscapeLeft UIInterfaceOrientationLandscapeRight";
				INFOPLIST_KEY_UISupportedInterfaceOrientations_iPhone = "UIInterfaceOrientationPortrait UIInterfaceOrientationLandscapeLeft UIInterfaceOrientationLandscapeRight";
				LD_RUNPATH_SEARCH_PATHS = (
					"$(inherited)",
					"@executable_path/Frameworks",
				);
				MARKETING_VERSION = 1.0;
				PRODUCT_BUNDLE_IDENTIFIER = com.christopherkoski.SwiftUIAPICalls;
				PRODUCT_NAME = "$(TARGET_NAME)";
				SWIFT_EMIT_LOC_STRINGS = YES;
				SWIFT_VERSION = 5.0;
				TARGETED_DEVICE_FAMILY = "1,2";
			};
			name = Debug;
		};
		9EF9275727ED586E0074F679 /* Release */ = {
			isa = XCBuildConfiguration;
			buildSettings = {
				ASSETCATALOG_COMPILER_APPICON_NAME = AppIcon;
				ASSETCATALOG_COMPILER_GLOBAL_ACCENT_COLOR_NAME = AccentColor;
				CODE_SIGN_STYLE = Automatic;
				CURRENT_PROJECT_VERSION = 1;
				DEVELOPMENT_ASSET_PATHS = "\"SwiftUIAPICalls/Preview Content\"";
				DEVELOPMENT_TEAM = WW6MQ8PF85;
				ENABLE_PREVIEWS = YES;
				GENERATE_INFOPLIST_FILE = YES;
				INFOPLIST_KEY_UIApplicationSceneManifest_Generation = YES;
				INFOPLIST_KEY_UIApplicationSupportsIndirectInputEvents = YES;
				INFOPLIST_KEY_UILaunchScreen_Generation = YES;
				INFOPLIST_KEY_UISupportedInterfaceOrientations_iPad = "UIInterfaceOrientationPortrait UIInterfaceOrientationPortraitUpsideDown UIInterfaceOrientationLandscapeLeft UIInterfaceOrientationLandscapeRight";
				INFOPLIST_KEY_UISupportedInterfaceOrientations_iPhone = "UIInterfaceOrientationPortrait UIInterfaceOrientationLandscapeLeft UIInterfaceOrientationLandscapeRight";
				LD_RUNPATH_SEARCH_PATHS = (
					"$(inherited)",
					"@executable_path/Frameworks",
				);
				MARKETING_VERSION = 1.0;
				PRODUCT_BUNDLE_IDENTIFIER = com.christopherkoski.SwiftUIAPICalls;
				PRODUCT_NAME = "$(TARGET_NAME)";
				SWIFT_EMIT_LOC_STRINGS = YES;
				SWIFT_VERSION = 5.0;
				TARGETED_DEVICE_FAMILY = "1,2";
			};
			name = Release;
		};
/* End XCBuildConfiguration section */

/* Begin XCConfigurationList section */
		9EF9274227ED586D0074F679 /* Build configuration list for PBXProject "SwiftUIAPICalls" */ = {
			isa = XCConfigurationList;
			buildConfigurations = (
				9EF9275327ED586E0074F679 /* Debug */,
				9EF9275427ED586E0074F679 /* Release */,
			);
			defaultConfigurationIsVisible = 0;
			defaultConfigurationName = Release;
		};
		9EF9275527ED586E0074F679 /* Build configuration list for PBXNativeTarget "SwiftUIAPICalls" */ = {
			isa = XCConfigurationList;
			buildConfigurations = (
				9EF9275627ED586E0074F679 /* Debug */,
				9EF9275727ED586E0074F679 /* Release */,
			);
			defaultConfigurationIsVisible = 0;
			defaultConfigurationName = Release;
		};
/* End XCConfigurationList section */

/* Begin XCRemoteSwiftPackageReference section */
		9E4FC05127EE6BA100DEE1CA /* XCRemoteSwiftPackageReference "Rick-and-Morty-Swift-API" */ = {
			isa = XCRemoteSwiftPackageReference;
			repositoryURL = "https://github.com/benjaminbruch/Rick-and-Morty-Swift-API.git";
			requirement = {
				branch = main;
				kind = branch;
			};
		};
/* End XCRemoteSwiftPackageReference section */

/* Begin XCSwiftPackageProductDependency section */
		9E4FC05227EE6BA100DEE1CA /* RickMortySwiftApi */ = {
			isa = XCSwiftPackageProductDependency;
			package = 9E4FC05127EE6BA100DEE1CA /* XCRemoteSwiftPackageReference "Rick-and-Morty-Swift-API" */;
			productName = RickMortySwiftApi;
		};
/* End XCSwiftPackageProductDependency section */
	};
	rootObject = 9EF9273F27ED586D0074F679 /* Project object */;
}
